
Microsoft Visual Studio Solution File, Format Version 12.00
# Visual Studio Version 17
VisualStudioVersion = 17.8.34408.163
MinimumVisualStudioVersion = 10.0.40219.1
Project("{9A19103F-16F7-4668-BE54-9A1E7A4F7556}") = "UrbanFarmingWeb.UI", "UrbanFarmingWeb.UI.csproj", "{C226B9F8-8240-4487-90F9-A07EE3A65BFA}"
EndProject
Project("{9A19103F-16F7-4668-BE54-9A1E7A4F7556}") = "UrbanFarmingAPI", "..\UrbanFarmingAPI\UrbanFarmingAPI.csproj", "{5CEF75B8-F4E5-48D8-AD79-49BD7D78BBA9}"
EndProject
Project("{9A19103F-16F7-4668-BE54-9A1E7A4F7556}") = "UrbanFarming.Service", "..\UrbanFarming.Service\UrbanFarming.Service.csproj", "{5652DA5B-4846-403E-B3B0-9591FBF577A6}"
EndProject
Project("{9A19103F-16F7-4668-BE54-9A1E7A4F7556}") = "UrbanFarming.Domain", "..\UrbanFarming.Domain\UrbanFarming.Domain.csproj", "{EF2B155E-87B1-4B27-93A5-0459715DCB63}"
EndProject
Project("{9A19103F-16F7-4668-BE54-9A1E7A4F7556}") = "UrbanFarming.Data", "..\UrbanFarming.Data\UrbanFarming.Data.csproj", "{531C74E4-B078-47AE-AE18-DBD4CD276E44}"
EndProject
Project("{9A19103F-16F7-4668-BE54-9A1E7A4F7556}") = "UrbanFarming.Mobile", "..\UrbanFarming.Mobile\UrbanFarming.Mobile.csproj", "{90B1F2C9-E25A-4E40-AE5E-32C8718B62C5}"
EndProject
Project("{FAE04EC0-301F-11D3-BF4B-00C04F79EFBC}") = "AppMobileUrban.Android", "..\AppMobileUrban\AppMobileUrban.Android\AppMobileUrban.Android.csproj", "{4A2A4776-65B4-496C-AFBD-EF2420DB5A22}"
EndProject
Project("{9A19103F-16F7-4668-BE54-9A1E7A4F7556}") = "AppMobileUrban", "..\AppMobileUrban\AppMobileUrban\AppMobileUrban.csproj", "{31BB30BC-4D91-4FEA-9A65-E7244E97E780}"
EndProject
Project("{FAE04EC0-301F-11D3-BF4B-00C04F79EFBC}") = "UrbanFarming.Desktop", "..\UrbanFarming.Desktop\UrbanFarming.Desktop.csproj", "{C100B482-5FCB-4C9C-88FB-E75FC0383094}"
EndProject
Global
	GlobalSection(SolutionConfigurationPlatforms) = preSolution
		Debug|Any CPU = Debug|Any CPU
		Release|Any CPU = Release|Any CPU
	EndGlobalSection
	GlobalSection(ProjectConfigurationPlatforms) = postSolution
		{C226B9F8-8240-4487-90F9-A07EE3A65BFA}.Debug|Any CPU.ActiveCfg = Debug|Any CPU
		{C226B9F8-8240-4487-90F9-A07EE3A65BFA}.Debug|Any CPU.Build.0 = Debug|Any CPU
		{C226B9F8-8240-4487-90F9-A07EE3A65BFA}.Release|Any CPU.ActiveCfg = Release|Any CPU
		{C226B9F8-8240-4487-90F9-A07EE3A65BFA}.Release|Any CPU.Build.0 = Release|Any CPU
		{5CEF75B8-F4E5-48D8-AD79-49BD7D78BBA9}.Debug|Any CPU.ActiveCfg = Debug|Any CPU
		{5CEF75B8-F4E5-48D8-AD79-49BD7D78BBA9}.Debug|Any CPU.Build.0 = Debug|Any CPU
		{5CEF75B8-F4E5-48D8-AD79-49BD7D78BBA9}.Release|Any CPU.ActiveCfg = Release|Any CPU
		{5CEF75B8-F4E5-48D8-AD79-49BD7D78BBA9}.Release|Any CPU.Build.0 = Release|Any CPU
		{5652DA5B-4846-403E-B3B0-9591FBF577A6}.Debug|Any CPU.ActiveCfg = Debug|Any CPU
		{5652DA5B-4846-403E-B3B0-9591FBF577A6}.Debug|Any CPU.Build.0 = Debug|Any CPU
		{5652DA5B-4846-403E-B3B0-9591FBF577A6}.Release|Any CPU.ActiveCfg = Release|Any CPU
		{5652DA5B-4846-403E-B3B0-9591FBF577A6}.Release|Any CPU.Build.0 = Release|Any CPU
		{EF2B155E-87B1-4B27-93A5-0459715DCB63}.Debug|Any CPU.ActiveCfg = Debug|Any CPU
		{EF2B155E-87B1-4B27-93A5-0459715DCB63}.Debug|Any CPU.Build.0 = Debug|Any CPU
		{EF2B155E-87B1-4B27-93A5-0459715DCB63}.Release|Any CPU.ActiveCfg = Release|Any CPU
		{EF2B155E-87B1-4B27-93A5-0459715DCB63}.Release|Any CPU.Build.0 = Release|Any CPU
		{531C74E4-B078-47AE-AE18-DBD4CD276E44}.Debug|Any CPU.ActiveCfg = Debug|Any CPU
		{531C74E4-B078-47AE-AE18-DBD4CD276E44}.Debug|Any CPU.Build.0 = Debug|Any CPU
		{531C74E4-B078-47AE-AE18-DBD4CD276E44}.Release|Any CPU.ActiveCfg = Release|Any CPU
		{531C74E4-B078-47AE-AE18-DBD4CD276E44}.Release|Any CPU.Build.0 = Release|Any CPU
		{90B1F2C9-E25A-4E40-AE5E-32C8718B62C5}.Debug|Any CPU.ActiveCfg = Debug|Any CPU
		{90B1F2C9-E25A-4E40-AE5E-32C8718B62C5}.Debug|Any CPU.Build.0 = Debug|Any CPU
		{90B1F2C9-E25A-4E40-AE5E-32C8718B62C5}.Debug|Any CPU.Deploy.0 = Debug|Any CPU
		{90B1F2C9-E25A-4E40-AE5E-32C8718B62C5}.Release|Any CPU.ActiveCfg = Release|Any CPU
		{90B1F2C9-E25A-4E40-AE5E-32C8718B62C5}.Release|Any CPU.Build.0 = Release|Any CPU
		{90B1F2C9-E25A-4E40-AE5E-32C8718B62C5}.Release|Any CPU.Deploy.0 = Release|Any CPU
		{4A2A4776-65B4-496C-AFBD-EF2420DB5A22}.Debug|Any CPU.ActiveCfg = Debug|Any CPU
		{4A2A4776-65B4-496C-AFBD-EF2420DB5A22}.Debug|Any CPU.Build.0 = Debug|Any CPU
		{4A2A4776-65B4-496C-AFBD-EF2420DB5A22}.Debug|Any CPU.Deploy.0 = Debug|Any CPU
		{4A2A4776-65B4-496C-AFBD-EF2420DB5A22}.Release|Any CPU.ActiveCfg = Release|Any CPU
		{4A2A4776-65B4-496C-AFBD-EF2420DB5A22}.Release|Any CPU.Build.0 = Release|Any CPU
		{4A2A4776-65B4-496C-AFBD-EF2420DB5A22}.Release|Any CPU.Deploy.0 = Release|Any CPU
		{31BB30BC-4D91-4FEA-9A65-E7244E97E780}.Debug|Any CPU.ActiveCfg = Debug|Any CPU
		{31BB30BC-4D91-4FEA-9A65-E7244E97E780}.Debug|Any CPU.Build.0 = Debug|Any CPU
		{31BB30BC-4D91-4FEA-9A65-E7244E97E780}.Release|Any CPU.ActiveCfg = Release|Any CPU
		{31BB30BC-4D91-4FEA-9A65-E7244E97E780}.Release|Any CPU.Build.0 = Release|Any CPU
		{C100B482-5FCB-4C9C-88FB-E75FC0383094}.Debug|Any CPU.ActiveCfg = Debug|Any CPU
		{C100B482-5FCB-4C9C-88FB-E75FC0383094}.Debug|Any CPU.Build.0 = Debug|Any CPU
		{C100B482-5FCB-4C9C-88FB-E75FC0383094}.Release|Any CPU.ActiveCfg = Release|Any CPU
		{C100B482-5FCB-4C9C-88FB-E75FC0383094}.Release|Any CPU.Build.0 = Release|Any CPU
	EndGlobalSection
	GlobalSection(SolutionProperties) = preSolution
		HideSolutionNode = FALSE
	EndGlobalSection
	GlobalSection(ExtensibilityGlobals) = postSolution
		SolutionGuid = {736D0D62-E330-4164-9D26-D0AE0ED4FDC5}
	EndGlobalSection
EndGlobal
